
Microsoft Visual Studio Solution File, Format Version 12.00
# Visual Studio 15
VisualStudioVersion = 15.0.28307.852
MinimumVisualStudioVersion = 10.0.40219.1
Project("{8BC9CEB8-8B4A-11D0-8D11-00A0C91BC942}") = "Borncraft", "Borncraft\Borncraft.vcxproj", "{78AB8107-64AB-4567-849D-7C6366A8E931}"
EndProject
Global
	GlobalSection(SolutionConfigurationPlatforms) = preSolution
		Debug|x64 = Debug|x64
		Debug|x86 = Debug|x86
		Release|x64 = Release|x64
		Release|x86 = Release|x86
	EndGlobalSection
	GlobalSection(ProjectConfigurationPlatforms) = postSolution
		{78AB8107-64AB-4567-849D-7C6366A8E931}.Debug|x64.ActiveCfg = Debug|x64
		{78AB8107-64AB-4567-849D-7C6366A8E931}.Debug|x64.Build.0 = Debug|x64
		{78AB8107-64AB-4567-849D-7C6366A8E931}.Debug|x86.ActiveCfg = Debug|Win32
		{78AB8107-64AB-4567-849D-7C6366A8E931}.Debug|x86.Build.0 = Debug|Win32
		{78AB8107-64AB-4567-849D-7C6366A8E931}.Release|x64.ActiveCfg = Release|x64
		{78AB8107-64AB-4567-849D-7C6366A8E931}.Release|x64.Build.0 = Release|x64
		{78AB8107-64AB-4567-849D-7C6366A8E931}.Release|x86.ActiveCfg = Release|Win32
		{78AB8107-64AB-4567-849D-7C6366A8E931}.Release|x86.Build.0 = Release|Win32
	EndGlobalSection
	GlobalSection(SolutionProperties) = preSolution
		HideSolutionNode = FALSE
	EndGlobalSection
	GlobalSection(ExtensibilityGlobals) = postSolution
		SolutionGuid = {216D194C-A8DF-4B2C-8C6B-E89289FFB874}
	EndGlobalSection
EndGlobal
